Microsoft Visual Studio Solution File, Format Version 12.00
# Visual Studio Version 17
VisualStudioVersion = 17.5.2.0
MinimumVisualStudioVersion = 10.0.40219.1
Project("{2150E333-8FDC-42A3-9474-1A3956D46DE8}") = "6361909_Week2", "6361909_Week2", "{A0A23C8F-14E0-0179-023A-7BBA186F57BC}"
EndProject
Project("{2150E333-8FDC-42A3-9474-1A3956D46DE8}") = "6361909_Week2_NUnit_And_Moq", "6361909_Week2_NUnit_And_Moq", "{105FC642-7642-EE08-D360-AEBE0E2C2261}"
EndProject
Project("{2150E333-8FDC-42A3-9474-1A3956D46DE8}") = "1_ NUnit_Handson", "1_ NUnit_Handson", "{18CC0CCF-994B-E722-3491-FDD0326C6215}"
EndProject
Project("{FAE04EC0-301F-11D3-BF4B-00C04F79EFBC}") = "CalcLibrary.Tests", "6361909_Week2\6361909_Week2_NUnit_And_Moq\1_ NUnit_Handson\Code\CalcLibrary.Tests.csproj", "{67250B85-9D89-FBAE-C966-A6E8B6F75C69}"
EndProject
Project("{2150E333-8FDC-42A3-9474-1A3956D46DE8}") = "1_Write_Testable_Code_with_Moq", "1_Write_Testable_Code_with_Moq", "{21D0D855-EE78-4E18-E4BF-697F35660D02}"
EndProject
Project("{FAE04EC0-301F-11D3-BF4B-00C04F79EFBC}") = "CustomerComm.Tests", "6361909_Week2\6361909_Week2_NUnit_And_Moq\1_Write_Testable_Code_with_Moq\Code\CustomerComm.Tests.csproj", "{1C309562-0C6E-5A9C-0388-DF594ECE7622}"
EndProject
Project("{FAE04EC0-301F-11D3-BF4B-00C04F79EFBC}") = "CustomerCommLib", "6361909_Week2\6361909_Week2_NUnit_And_Moq\1_Write_Testable_Code_with_Moq\Code\CustomerCommLib.csproj", "{6C534A39-7DD6-36E6-FAC1-DDC783A686D1}"
EndProject
Global
	GlobalSection(SolutionConfigurationPlatforms) = preSolution
		Debug|Any CPU = Debug|Any CPU
		Release|Any CPU = Release|Any CPU
	EndGlobalSection
	GlobalSection(ProjectConfigurationPlatforms) = postSolution
		{67250B85-9D89-FBAE-C966-A6E8B6F75C69}.Debug|Any CPU.ActiveCfg = Debug|Any CPU
		{67250B85-9D89-FBAE-C966-A6E8B6F75C69}.Debug|Any CPU.Build.0 = Debug|Any CPU
		{67250B85-9D89-FBAE-C966-A6E8B6F75C69}.Release|Any CPU.ActiveCfg = Release|Any CPU
		{67250B85-9D89-FBAE-C966-A6E8B6F75C69}.Release|Any CPU.Build.0 = Release|Any CPU
		{1C309562-0C6E-5A9C-0388-DF594ECE7622}.Debug|Any CPU.ActiveCfg = Debug|Any CPU
		{1C309562-0C6E-5A9C-0388-DF594ECE7622}.Debug|Any CPU.Build.0 = Debug|Any CPU
		{1C309562-0C6E-5A9C-0388-DF594ECE7622}.Release|Any CPU.ActiveCfg = Release|Any CPU
		{1C309562-0C6E-5A9C-0388-DF594ECE7622}.Release|Any CPU.Build.0 = Release|Any CPU
		{6C534A39-7DD6-36E6-FAC1-DDC783A686D1}.Debug|Any CPU.ActiveCfg = Debug|Any CPU
		{6C534A39-7DD6-36E6-FAC1-DDC783A686D1}.Debug|Any CPU.Build.0 = Debug|Any CPU
		{6C534A39-7DD6-36E6-FAC1-DDC783A686D1}.Release|Any CPU.ActiveCfg = Release|Any CPU
		{6C534A39-7DD6-36E6-FAC1-DDC783A686D1}.Release|Any CPU.Build.0 = Release|Any CPU
	EndGlobalSection
	GlobalSection(SolutionProperties) = preSolution
		HideSolutionNode = FALSE
	EndGlobalSection
	GlobalSection(NestedProjects) = preSolution
		{105FC642-7642-EE08-D360-AEBE0E2C2261} = {A0A23C8F-14E0-0179-023A-7BBA186F57BC}
		{18CC0CCF-994B-E722-3491-FDD0326C6215} = {105FC642-7642-EE08-D360-AEBE0E2C2261}
		{67250B85-9D89-FBAE-C966-A6E8B6F75C69} = {18CC0CCF-994B-E722-3491-FDD0326C6215}
		{21D0D855-EE78-4E18-E4BF-697F35660D02} = {105FC642-7642-EE08-D360-AEBE0E2C2261}
		{1C309562-0C6E-5A9C-0388-DF594ECE7622} = {21D0D855-EE78-4E18-E4BF-697F35660D02}
		{6C534A39-7DD6-36E6-FAC1-DDC783A686D1} = {21D0D855-EE78-4E18-E4BF-697F35660D02}
	EndGlobalSection
	GlobalSection(ExtensibilityGlobals) = postSolution
		SolutionGuid = {AC54C92E-A7F8-453D-9865-ACAAC1D9E226}
	EndGlobalSection
EndGlobal
